
Microsoft Visual Studio Solution File, Format Version 12.00
# Visual Studio Express 2012 for Windows Desktop
Project("{FAE04EC0-301F-11D3-BF4B-00C04F79EFBC}") = "ejer11", "ejer11\ejer11.csproj", "{6282E0C8-17F7-4A6F-936C-117257ED4C8E}"
EndProject
Global
	GlobalSection(SolutionConfigurationPlatforms) = preSolution
		Debug|Any CPU = Debug|Any CPU
		Release|Any CPU = Release|Any CPU
	EndGlobalSection
	GlobalSection(ProjectConfigurationPlatforms) = postSolution
		{6282E0C8-17F7-4A6F-936C-117257ED4C8E}.Debug|Any CPU.ActiveCfg = Debug|Any CPU
		{6282E0C8-17F7-4A6F-936C-117257ED4C8E}.Debug|Any CPU.Build.0 = Debug|Any CPU
		{6282E0C8-17F7-4A6F-936C-117257ED4C8E}.Release|Any CPU.ActiveCfg = Release|Any CPU
		{6282E0C8-17F7-4A6F-936C-117257ED4C8E}.Release|Any CPU.Build.0 = Release|Any CPU
	EndGlobalSection
	GlobalSection(SolutionProperties) = preSolution
		HideSolutionNode = FALSE
	EndGlobalSection
EndGlobal
